
Microsoft Visual Studio Solution File, Format Version 12.00
# Visual Studio Version 17
VisualStudioVersion = 17.5.002.0
MinimumVisualStudioVersion = 10.0.40219.1
Project("{9A19103F-16F7-4668-BE54-9A1E7A4F7556}") = "EggCalculator", "EggCalculator/EggCalculator.csproj", "{B8318DC9-7FA3-436C-B19F-D6DF19EE4FE7}"
EndProject
Global
	GlobalSection(SolutionConfigurationPlatforms) = preSolution
		Debug|Any CPU = Debug|Any CPU
		Release|Any CPU = Release|Any CPU
	EndGlobalSection
	GlobalSection(ProjectConfigurationPlatforms) = postSolution
		{B8318DC9-7FA3-436C-B19F-D6DF19EE4FE7}.Debug|Any CPU.ActiveCfg = Debug|Any CPU
		{B8318DC9-7FA3-436C-B19F-D6DF19EE4FE7}.Debug|Any CPU.Build.0 = Debug|Any CPU
		{B8318DC9-7FA3-436C-B19F-D6DF19EE4FE7}.Release|Any CPU.ActiveCfg = Release|Any CPU
		{B8318DC9-7FA3-436C-B19F-D6DF19EE4FE7}.Release|Any CPU.Build.0 = Release|Any CPU
	EndGlobalSection
	GlobalSection(SolutionProperties) = preSolution
		HideSolutionNode = FALSE
	EndGlobalSection
	GlobalSection(ExtensibilityGlobals) = postSolution
		SolutionGuid = {91ED3054-2E2B-4B8E-9014-350F9347BB33}
	EndGlobalSection
EndGlobal
