
Microsoft Visual Studio Solution File, Format Version 12.00
# Visual Studio Version 17
VisualStudioVersion = 17.5.002.0
MinimumVisualStudioVersion = 10.0.40219.1
Project("{9A19103F-16F7-4668-BE54-9A1E7A4F7556}") = "EggCalculator", "EggCalculator\EggCalculator.csproj", "{8CA0C941-51F9-47DF-A59C-A454B2DF60EA}"
EndProject
Global
	GlobalSection(SolutionConfigurationPlatforms) = preSolution
		Debug|Any CPU = Debug|Any CPU
		Release|Any CPU = Release|Any CPU
	EndGlobalSection
	GlobalSection(ProjectConfigurationPlatforms) = postSolution
		{8CA0C941-51F9-47DF-A59C-A454B2DF60EA}.Debug|Any CPU.ActiveCfg = Debug|Any CPU
		{8CA0C941-51F9-47DF-A59C-A454B2DF60EA}.Debug|Any CPU.Build.0 = Debug|Any CPU
		{8CA0C941-51F9-47DF-A59C-A454B2DF60EA}.Release|Any CPU.ActiveCfg = Release|Any CPU
		{8CA0C941-51F9-47DF-A59C-A454B2DF60EA}.Release|Any CPU.Build.0 = Release|Any CPU
	EndGlobalSection
	GlobalSection(SolutionProperties) = preSolution
		HideSolutionNode = FALSE
	EndGlobalSection
	GlobalSection(ExtensibilityGlobals) = postSolution
		SolutionGuid = {5A88B0C4-FF6B-42A8-886A-4CA83071F8FA}
	EndGlobalSection
EndGlobal
